
Microsoft Visual Studio Solution File, Format Version 12.00
# Visual Studio Version 16
VisualStudioVersion = 16.6.30114.105
MinimumVisualStudioVersion = 10.0.40219.1
Project("{FAE04EC0-301F-11D3-BF4B-00C04F79EFBC}") = "classProporyleriniListelemek", "classProporyleriniListelemek\classProporyleriniListelemek.csproj", "{AD81FDDF-B37C-49BE-B57D-307EEF4E118A}"
EndProject
Global
	GlobalSection(SolutionConfigurationPlatforms) = preSolution
		Debug|Any CPU = Debug|Any CPU
		Debug|x64 = Debug|x64
		Debug|x86 = Debug|x86
		Release|Any CPU = Release|Any CPU
		Release|x64 = Release|x64
		Release|x86 = Release|x86
	EndGlobalSection
	GlobalSection(ProjectConfigurationPlatforms) = postSolution
		{AD81FDDF-B37C-49BE-B57D-307EEF4E118A}.Debug|Any CPU.ActiveCfg = Debug|Any CPU
		{AD81FDDF-B37C-49BE-B57D-307EEF4E118A}.Debug|Any CPU.Build.0 = Debug|Any CPU
		{AD81FDDF-B37C-49BE-B57D-307EEF4E118A}.Debug|x64.ActiveCfg = Debug|Any CPU
		{AD81FDDF-B37C-49BE-B57D-307EEF4E118A}.Debug|x64.Build.0 = Debug|Any CPU
		{AD81FDDF-B37C-49BE-B57D-307EEF4E118A}.Debug|x86.ActiveCfg = Debug|Any CPU
		{AD81FDDF-B37C-49BE-B57D-307EEF4E118A}.Debug|x86.Build.0 = Debug|Any CPU
		{AD81FDDF-B37C-49BE-B57D-307EEF4E118A}.Release|Any CPU.ActiveCfg = Release|Any CPU
		{AD81FDDF-B37C-49BE-B57D-307EEF4E118A}.Release|Any CPU.Build.0 = Release|Any CPU
		{AD81FDDF-B37C-49BE-B57D-307EEF4E118A}.Release|x64.ActiveCfg = Release|Any CPU
		{AD81FDDF-B37C-49BE-B57D-307EEF4E118A}.Release|x64.Build.0 = Release|Any CPU
		{AD81FDDF-B37C-49BE-B57D-307EEF4E118A}.Release|x86.ActiveCfg = Release|Any CPU
		{AD81FDDF-B37C-49BE-B57D-307EEF4E118A}.Release|x86.Build.0 = Release|Any CPU
	EndGlobalSection
	GlobalSection(SolutionProperties) = preSolution
		HideSolutionNode = FALSE
	EndGlobalSection
	GlobalSection(ExtensibilityGlobals) = postSolution
		SolutionGuid = {EB5F1015-349A-49CB-A96A-72437E2EFBA9}
	EndGlobalSection
EndGlobal
