
Microsoft Visual Studio Solution File, Format Version 12.00
# Visual Studio Version 16
VisualStudioVersion = 16.0.31205.134
MinimumVisualStudioVersion = 10.0.40219.1
Project("{FAE04EC0-301F-11D3-BF4B-00C04F79EFBC}") = "EventInCsharp", "EventInCsharp\EventInCsharp.csproj", "{0CA33921-BED2-43F7-97B5-88494D9532DC}"
EndProject
Global
	GlobalSection(SolutionConfigurationPlatforms) = preSolution
		Debug|Any CPU = Debug|Any CPU
		Release|Any CPU = Release|Any CPU
	EndGlobalSection
	GlobalSection(ProjectConfigurationPlatforms) = postSolution
		{0CA33921-BED2-43F7-97B5-88494D9532DC}.Debug|Any CPU.ActiveCfg = Debug|Any CPU
		{0CA33921-BED2-43F7-97B5-88494D9532DC}.Debug|Any CPU.Build.0 = Debug|Any CPU
		{0CA33921-BED2-43F7-97B5-88494D9532DC}.Release|Any CPU.ActiveCfg = Release|Any CPU
		{0CA33921-BED2-43F7-97B5-88494D9532DC}.Release|Any CPU.Build.0 = Release|Any CPU
	EndGlobalSection
	GlobalSection(SolutionProperties) = preSolution
		HideSolutionNode = FALSE
	EndGlobalSection
	GlobalSection(ExtensibilityGlobals) = postSolution
		SolutionGuid = {66C61C7D-87D8-4656-93E6-0BFDAFAF9597}
	EndGlobalSection
EndGlobal
