
Microsoft Visual Studio Solution File, Format Version 12.00
# Visual Studio Version 16
VisualStudioVersion = 16.6.30114.105
MinimumVisualStudioVersion = 10.0.40219.1
Project("{9A19103F-16F7-4668-BE54-9A1E7A4F7556}") = "ChainResponseA", "behavioralPatterns\ChainResponseA\ChainResponseA\ChainResponseA.csproj", "{BB8E708C-C6A3-4A0E-84C6-1541023498EF}"
EndProject
Project("{9A19103F-16F7-4668-BE54-9A1E7A4F7556}") = "ChainResponseB", "behavioralPatterns\ChainResponseB\ChainResponseB\ChainResponseB.csproj", "{EE075DCF-D262-45F3-AEB6-B49B3F6B11EF}"
EndProject
Project("{9A19103F-16F7-4668-BE54-9A1E7A4F7556}") = "ChainResponseC", "behavioralPatterns\ChainResponseC\ChainResponseC\ChainResponseC.csproj", "{F1EE06AA-4BF5-4AA7-BF27-D4CB7C49A241}"
EndProject
Project("{9A19103F-16F7-4668-BE54-9A1E7A4F7556}") = "CommandA", "behavioralPatterns\CommandA\CommandA\CommandA.csproj", "{20E60753-48E6-4A6A-9E7F-C9B3F8EC9551}"
EndProject
Project("{9A19103F-16F7-4668-BE54-9A1E7A4F7556}") = "CommandB", "behavioralPatterns\CommandB\CommandB\CommandB.csproj", "{DBF109E4-6706-4E6E-AE82-54120E57A909}"
EndProject
Project("{9A19103F-16F7-4668-BE54-9A1E7A4F7556}") = "CommandC", "behavioralPatterns\CommandC\CommandC\CommandC.csproj", "{AB901E58-5B0D-4772-9450-709A6E0FD507}"
EndProject
Project("{9A19103F-16F7-4668-BE54-9A1E7A4F7556}") = "CommandD", "behavioralPatterns\CommandD\CommandD\CommandD.csproj", "{B4AF8405-31A1-4E98-842F-CC0978F2320B}"
EndProject
Project("{9A19103F-16F7-4668-BE54-9A1E7A4F7556}") = "MediatorA", "behavioralPatterns\MediatorA\MediatorA\MediatorA.csproj", "{B76B0C2A-E151-4E9D-A8F8-A14E934AE1C8}"
EndProject
Project("{9A19103F-16F7-4668-BE54-9A1E7A4F7556}") = "MementoA", "behavioralPatterns\MementoA\MementoA\MementoA.csproj", "{36801085-356A-482F-AEDA-BB83BFC015AB}"
EndProject
Project("{9A19103F-16F7-4668-BE54-9A1E7A4F7556}") = "MementoB", "behavioralPatterns\MementoB\MementoB\MementoB.csproj", "{1BD5263D-6A93-4711-8E36-3616D60EDBDA}"
EndProject
Project("{9A19103F-16F7-4668-BE54-9A1E7A4F7556}") = "ObserverA", "behavioralPatterns\ObserverA\ObserverA\ObserverA.csproj", "{F569EF92-4554-40FD-A161-46F7A1031CF0}"
EndProject
Project("{9A19103F-16F7-4668-BE54-9A1E7A4F7556}") = "ObserverB", "behavioralPatterns\ObserverB\ObserverB\ObserverB.csproj", "{ECE8228C-A924-4A14-A1B7-AF5804C85691}"
EndProject
Project("{9A19103F-16F7-4668-BE54-9A1E7A4F7556}") = "StateA", "behavioralPatterns\StateA\StateA\StateA.csproj", "{405EBBD7-D73E-44F4-8ADA-D5448098C7AC}"
EndProject
Project("{9A19103F-16F7-4668-BE54-9A1E7A4F7556}") = "StrategyA", "behavioralPatterns\StrategyA\StrategyA\StrategyA.csproj", "{9C85E9B1-C326-4110-8E00-634A999A81CF}"
EndProject
Project("{9A19103F-16F7-4668-BE54-9A1E7A4F7556}") = "StrategyB", "behavioralPatterns\StrategyB\StrategyB\StrategyB.csproj", "{1A396D95-7597-4FDD-B853-1C441792E7D4}"
EndProject
Project("{9A19103F-16F7-4668-BE54-9A1E7A4F7556}") = "TemplateMethodA", "behavioralPatterns\TemplateMethodA\TemplateMethodA\TemplateMethodA.csproj", "{AEAE2C97-D56F-459D-8D51-B79E0071FA66}"
EndProject
Project("{9A19103F-16F7-4668-BE54-9A1E7A4F7556}") = "VisitorA", "behavioralPatterns\VisitorA\VisitorA\VisitorA.csproj", "{4F2EA786-F708-4FEB-8DFA-6679A09A8FB7}"
EndProject
Global
	GlobalSection(SolutionConfigurationPlatforms) = preSolution
		Debug|Any CPU = Debug|Any CPU
		Debug|x64 = Debug|x64
		Debug|x86 = Debug|x86
		Release|Any CPU = Release|Any CPU
		Release|x64 = Release|x64
		Release|x86 = Release|x86
	EndGlobalSection
	GlobalSection(ProjectConfigurationPlatforms) = postSolution
		{BB8E708C-C6A3-4A0E-84C6-1541023498EF}.Debug|Any CPU.ActiveCfg = Debug|Any CPU
		{BB8E708C-C6A3-4A0E-84C6-1541023498EF}.Debug|Any CPU.Build.0 = Debug|Any CPU
		{BB8E708C-C6A3-4A0E-84C6-1541023498EF}.Debug|x64.ActiveCfg = Debug|Any CPU
		{BB8E708C-C6A3-4A0E-84C6-1541023498EF}.Debug|x64.Build.0 = Debug|Any CPU
		{BB8E708C-C6A3-4A0E-84C6-1541023498EF}.Debug|x86.ActiveCfg = Debug|Any CPU
		{BB8E708C-C6A3-4A0E-84C6-1541023498EF}.Debug|x86.Build.0 = Debug|Any CPU
		{BB8E708C-C6A3-4A0E-84C6-1541023498EF}.Release|Any CPU.ActiveCfg = Release|Any CPU
		{BB8E708C-C6A3-4A0E-84C6-1541023498EF}.Release|Any CPU.Build.0 = Release|Any CPU
		{BB8E708C-C6A3-4A0E-84C6-1541023498EF}.Release|x64.ActiveCfg = Release|Any CPU
		{BB8E708C-C6A3-4A0E-84C6-1541023498EF}.Release|x64.Build.0 = Release|Any CPU
		{BB8E708C-C6A3-4A0E-84C6-1541023498EF}.Release|x86.ActiveCfg = Release|Any CPU
		{BB8E708C-C6A3-4A0E-84C6-1541023498EF}.Release|x86.Build.0 = Release|Any CPU
		{EE075DCF-D262-45F3-AEB6-B49B3F6B11EF}.Debug|Any CPU.ActiveCfg = Debug|Any CPU
		{EE075DCF-D262-45F3-AEB6-B49B3F6B11EF}.Debug|Any CPU.Build.0 = Debug|Any CPU
		{EE075DCF-D262-45F3-AEB6-B49B3F6B11EF}.Debug|x64.ActiveCfg = Debug|Any CPU
		{EE075DCF-D262-45F3-AEB6-B49B3F6B11EF}.Debug|x64.Build.0 = Debug|Any CPU
		{EE075DCF-D262-45F3-AEB6-B49B3F6B11EF}.Debug|x86.ActiveCfg = Debug|Any CPU
		{EE075DCF-D262-45F3-AEB6-B49B3F6B11EF}.Debug|x86.Build.0 = Debug|Any CPU
		{EE075DCF-D262-45F3-AEB6-B49B3F6B11EF}.Release|Any CPU.ActiveCfg = Release|Any CPU
		{EE075DCF-D262-45F3-AEB6-B49B3F6B11EF}.Release|Any CPU.Build.0 = Release|Any CPU
		{EE075DCF-D262-45F3-AEB6-B49B3F6B11EF}.Release|x64.ActiveCfg = Release|Any CPU
		{EE075DCF-D262-45F3-AEB6-B49B3F6B11EF}.Release|x64.Build.0 = Release|Any CPU
		{EE075DCF-D262-45F3-AEB6-B49B3F6B11EF}.Release|x86.ActiveCfg = Release|Any CPU
		{EE075DCF-D262-45F3-AEB6-B49B3F6B11EF}.Release|x86.Build.0 = Release|Any CPU
		{F1EE06AA-4BF5-4AA7-BF27-D4CB7C49A241}.Debug|Any CPU.ActiveCfg = Debug|Any CPU
		{F1EE06AA-4BF5-4AA7-BF27-D4CB7C49A241}.Debug|Any CPU.Build.0 = Debug|Any CPU
		{F1EE06AA-4BF5-4AA7-BF27-D4CB7C49A241}.Debug|x64.ActiveCfg = Debug|Any CPU
		{F1EE06AA-4BF5-4AA7-BF27-D4CB7C49A241}.Debug|x64.Build.0 = Debug|Any CPU
		{F1EE06AA-4BF5-4AA7-BF27-D4CB7C49A241}.Debug|x86.ActiveCfg = Debug|Any CPU
		{F1EE06AA-4BF5-4AA7-BF27-D4CB7C49A241}.Debug|x86.Build.0 = Debug|Any CPU
		{F1EE06AA-4BF5-4AA7-BF27-D4CB7C49A241}.Release|Any CPU.ActiveCfg = Release|Any CPU
		{F1EE06AA-4BF5-4AA7-BF27-D4CB7C49A241}.Release|Any CPU.Build.0 = Release|Any CPU
		{F1EE06AA-4BF5-4AA7-BF27-D4CB7C49A241}.Release|x64.ActiveCfg = Release|Any CPU
		{F1EE06AA-4BF5-4AA7-BF27-D4CB7C49A241}.Release|x64.Build.0 = Release|Any CPU
		{F1EE06AA-4BF5-4AA7-BF27-D4CB7C49A241}.Release|x86.ActiveCfg = Release|Any CPU
		{F1EE06AA-4BF5-4AA7-BF27-D4CB7C49A241}.Release|x86.Build.0 = Release|Any CPU
		{20E60753-48E6-4A6A-9E7F-C9B3F8EC9551}.Debug|Any CPU.ActiveCfg = Debug|Any CPU
		{20E60753-48E6-4A6A-9E7F-C9B3F8EC9551}.Debug|Any CPU.Build.0 = Debug|Any CPU
		{20E60753-48E6-4A6A-9E7F-C9B3F8EC9551}.Debug|x64.ActiveCfg = Debug|Any CPU
		{20E60753-48E6-4A6A-9E7F-C9B3F8EC9551}.Debug|x64.Build.0 = Debug|Any CPU
		{20E60753-48E6-4A6A-9E7F-C9B3F8EC9551}.Debug|x86.ActiveCfg = Debug|Any CPU
		{20E60753-48E6-4A6A-9E7F-C9B3F8EC9551}.Debug|x86.Build.0 = Debug|Any CPU
		{20E60753-48E6-4A6A-9E7F-C9B3F8EC9551}.Release|Any CPU.ActiveCfg = Release|Any CPU
		{20E60753-48E6-4A6A-9E7F-C9B3F8EC9551}.Release|Any CPU.Build.0 = Release|Any CPU
		{20E60753-48E6-4A6A-9E7F-C9B3F8EC9551}.Release|x64.ActiveCfg = Release|Any CPU
		{20E60753-48E6-4A6A-9E7F-C9B3F8EC9551}.Release|x64.Build.0 = Release|Any CPU
		{20E60753-48E6-4A6A-9E7F-C9B3F8EC9551}.Release|x86.ActiveCfg = Release|Any CPU
		{20E60753-48E6-4A6A-9E7F-C9B3F8EC9551}.Release|x86.Build.0 = Release|Any CPU
		{DBF109E4-6706-4E6E-AE82-54120E57A909}.Debug|Any CPU.ActiveCfg = Debug|Any CPU
		{DBF109E4-6706-4E6E-AE82-54120E57A909}.Debug|Any CPU.Build.0 = Debug|Any CPU
		{DBF109E4-6706-4E6E-AE82-54120E57A909}.Debug|x64.ActiveCfg = Debug|Any CPU
		{DBF109E4-6706-4E6E-AE82-54120E57A909}.Debug|x64.Build.0 = Debug|Any CPU
		{DBF109E4-6706-4E6E-AE82-54120E57A909}.Debug|x86.ActiveCfg = Debug|Any CPU
		{DBF109E4-6706-4E6E-AE82-54120E57A909}.Debug|x86.Build.0 = Debug|Any CPU
		{DBF109E4-6706-4E6E-AE82-54120E57A909}.Release|Any CPU.ActiveCfg = Release|Any CPU
		{DBF109E4-6706-4E6E-AE82-54120E57A909}.Release|Any CPU.Build.0 = Release|Any CPU
		{DBF109E4-6706-4E6E-AE82-54120E57A909}.Release|x64.ActiveCfg = Release|Any CPU
		{DBF109E4-6706-4E6E-AE82-54120E57A909}.Release|x64.Build.0 = Release|Any CPU
		{DBF109E4-6706-4E6E-AE82-54120E57A909}.Release|x86.ActiveCfg = Release|Any CPU
		{DBF109E4-6706-4E6E-AE82-54120E57A909}.Release|x86.Build.0 = Release|Any CPU
		{AB901E58-5B0D-4772-9450-709A6E0FD507}.Debug|Any CPU.ActiveCfg = Debug|Any CPU
		{AB901E58-5B0D-4772-9450-709A6E0FD507}.Debug|Any CPU.Build.0 = Debug|Any CPU
		{AB901E58-5B0D-4772-9450-709A6E0FD507}.Debug|x64.ActiveCfg = Debug|Any CPU
		{AB901E58-5B0D-4772-9450-709A6E0FD507}.Debug|x64.Build.0 = Debug|Any CPU
		{AB901E58-5B0D-4772-9450-709A6E0FD507}.Debug|x86.ActiveCfg = Debug|Any CPU
		{AB901E58-5B0D-4772-9450-709A6E0FD507}.Debug|x86.Build.0 = Debug|Any CPU
		{AB901E58-5B0D-4772-9450-709A6E0FD507}.Release|Any CPU.ActiveCfg = Release|Any CPU
		{AB901E58-5B0D-4772-9450-709A6E0FD507}.Release|Any CPU.Build.0 = Release|Any CPU
		{AB901E58-5B0D-4772-9450-709A6E0FD507}.Release|x64.ActiveCfg = Release|Any CPU
		{AB901E58-5B0D-4772-9450-709A6E0FD507}.Release|x64.Build.0 = Release|Any CPU
		{AB901E58-5B0D-4772-9450-709A6E0FD507}.Release|x86.ActiveCfg = Release|Any CPU
		{AB901E58-5B0D-4772-9450-709A6E0FD507}.Release|x86.Build.0 = Release|Any CPU
		{B4AF8405-31A1-4E98-842F-CC0978F2320B}.Debug|Any CPU.ActiveCfg = Debug|Any CPU
		{B4AF8405-31A1-4E98-842F-CC0978F2320B}.Debug|Any CPU.Build.0 = Debug|Any CPU
		{B4AF8405-31A1-4E98-842F-CC0978F2320B}.Debug|x64.ActiveCfg = Debug|Any CPU
		{B4AF8405-31A1-4E98-842F-CC0978F2320B}.Debug|x64.Build.0 = Debug|Any CPU
		{B4AF8405-31A1-4E98-842F-CC0978F2320B}.Debug|x86.ActiveCfg = Debug|Any CPU
		{B4AF8405-31A1-4E98-842F-CC0978F2320B}.Debug|x86.Build.0 = Debug|Any CPU
		{B4AF8405-31A1-4E98-842F-CC0978F2320B}.Release|Any CPU.ActiveCfg = Release|Any CPU
		{B4AF8405-31A1-4E98-842F-CC0978F2320B}.Release|Any CPU.Build.0 = Release|Any CPU
		{B4AF8405-31A1-4E98-842F-CC0978F2320B}.Release|x64.ActiveCfg = Release|Any CPU
		{B4AF8405-31A1-4E98-842F-CC0978F2320B}.Release|x64.Build.0 = Release|Any CPU
		{B4AF8405-31A1-4E98-842F-CC0978F2320B}.Release|x86.ActiveCfg = Release|Any CPU
		{B4AF8405-31A1-4E98-842F-CC0978F2320B}.Release|x86.Build.0 = Release|Any CPU
		{B76B0C2A-E151-4E9D-A8F8-A14E934AE1C8}.Debug|Any CPU.ActiveCfg = Debug|Any CPU
		{B76B0C2A-E151-4E9D-A8F8-A14E934AE1C8}.Debug|Any CPU.Build.0 = Debug|Any CPU
		{B76B0C2A-E151-4E9D-A8F8-A14E934AE1C8}.Debug|x64.ActiveCfg = Debug|Any CPU
		{B76B0C2A-E151-4E9D-A8F8-A14E934AE1C8}.Debug|x64.Build.0 = Debug|Any CPU
		{B76B0C2A-E151-4E9D-A8F8-A14E934AE1C8}.Debug|x86.ActiveCfg = Debug|Any CPU
		{B76B0C2A-E151-4E9D-A8F8-A14E934AE1C8}.Debug|x86.Build.0 = Debug|Any CPU
		{B76B0C2A-E151-4E9D-A8F8-A14E934AE1C8}.Release|Any CPU.ActiveCfg = Release|Any CPU
		{B76B0C2A-E151-4E9D-A8F8-A14E934AE1C8}.Release|Any CPU.Build.0 = Release|Any CPU
		{B76B0C2A-E151-4E9D-A8F8-A14E934AE1C8}.Release|x64.ActiveCfg = Release|Any CPU
		{B76B0C2A-E151-4E9D-A8F8-A14E934AE1C8}.Release|x64.Build.0 = Release|Any CPU
		{B76B0C2A-E151-4E9D-A8F8-A14E934AE1C8}.Release|x86.ActiveCfg = Release|Any CPU
		{B76B0C2A-E151-4E9D-A8F8-A14E934AE1C8}.Release|x86.Build.0 = Release|Any CPU
		{36801085-356A-482F-AEDA-BB83BFC015AB}.Debug|Any CPU.ActiveCfg = Debug|Any CPU
		{36801085-356A-482F-AEDA-BB83BFC015AB}.Debug|Any CPU.Build.0 = Debug|Any CPU
		{36801085-356A-482F-AEDA-BB83BFC015AB}.Debug|x64.ActiveCfg = Debug|Any CPU
		{36801085-356A-482F-AEDA-BB83BFC015AB}.Debug|x64.Build.0 = Debug|Any CPU
		{36801085-356A-482F-AEDA-BB83BFC015AB}.Debug|x86.ActiveCfg = Debug|Any CPU
		{36801085-356A-482F-AEDA-BB83BFC015AB}.Debug|x86.Build.0 = Debug|Any CPU
		{36801085-356A-482F-AEDA-BB83BFC015AB}.Release|Any CPU.ActiveCfg = Release|Any CPU
		{36801085-356A-482F-AEDA-BB83BFC015AB}.Release|Any CPU.Build.0 = Release|Any CPU
		{36801085-356A-482F-AEDA-BB83BFC015AB}.Release|x64.ActiveCfg = Release|Any CPU
		{36801085-356A-482F-AEDA-BB83BFC015AB}.Release|x64.Build.0 = Release|Any CPU
		{36801085-356A-482F-AEDA-BB83BFC015AB}.Release|x86.ActiveCfg = Release|Any CPU
		{36801085-356A-482F-AEDA-BB83BFC015AB}.Release|x86.Build.0 = Release|Any CPU
		{1BD5263D-6A93-4711-8E36-3616D60EDBDA}.Debug|Any CPU.ActiveCfg = Debug|Any CPU
		{1BD5263D-6A93-4711-8E36-3616D60EDBDA}.Debug|Any CPU.Build.0 = Debug|Any CPU
		{1BD5263D-6A93-4711-8E36-3616D60EDBDA}.Debug|x64.ActiveCfg = Debug|Any CPU
		{1BD5263D-6A93-4711-8E36-3616D60EDBDA}.Debug|x64.Build.0 = Debug|Any CPU
		{1BD5263D-6A93-4711-8E36-3616D60EDBDA}.Debug|x86.ActiveCfg = Debug|Any CPU
		{1BD5263D-6A93-4711-8E36-3616D60EDBDA}.Debug|x86.Build.0 = Debug|Any CPU
		{1BD5263D-6A93-4711-8E36-3616D60EDBDA}.Release|Any CPU.ActiveCfg = Release|Any CPU
		{1BD5263D-6A93-4711-8E36-3616D60EDBDA}.Release|Any CPU.Build.0 = Release|Any CPU
		{1BD5263D-6A93-4711-8E36-3616D60EDBDA}.Release|x64.ActiveCfg = Release|Any CPU
		{1BD5263D-6A93-4711-8E36-3616D60EDBDA}.Release|x64.Build.0 = Release|Any CPU
		{1BD5263D-6A93-4711-8E36-3616D60EDBDA}.Release|x86.ActiveCfg = Release|Any CPU
		{1BD5263D-6A93-4711-8E36-3616D60EDBDA}.Release|x86.Build.0 = Release|Any CPU
		{F569EF92-4554-40FD-A161-46F7A1031CF0}.Debug|Any CPU.ActiveCfg = Debug|Any CPU
		{F569EF92-4554-40FD-A161-46F7A1031CF0}.Debug|Any CPU.Build.0 = Debug|Any CPU
		{F569EF92-4554-40FD-A161-46F7A1031CF0}.Debug|x64.ActiveCfg = Debug|Any CPU
		{F569EF92-4554-40FD-A161-46F7A1031CF0}.Debug|x64.Build.0 = Debug|Any CPU
		{F569EF92-4554-40FD-A161-46F7A1031CF0}.Debug|x86.ActiveCfg = Debug|Any CPU
		{F569EF92-4554-40FD-A161-46F7A1031CF0}.Debug|x86.Build.0 = Debug|Any CPU
		{F569EF92-4554-40FD-A161-46F7A1031CF0}.Release|Any CPU.ActiveCfg = Release|Any CPU
		{F569EF92-4554-40FD-A161-46F7A1031CF0}.Release|Any CPU.Build.0 = Release|Any CPU
		{F569EF92-4554-40FD-A161-46F7A1031CF0}.Release|x64.ActiveCfg = Release|Any CPU
		{F569EF92-4554-40FD-A161-46F7A1031CF0}.Release|x64.Build.0 = Release|Any CPU
		{F569EF92-4554-40FD-A161-46F7A1031CF0}.Release|x86.ActiveCfg = Release|Any CPU
		{F569EF92-4554-40FD-A161-46F7A1031CF0}.Release|x86.Build.0 = Release|Any CPU
		{ECE8228C-A924-4A14-A1B7-AF5804C85691}.Debug|Any CPU.ActiveCfg = Debug|Any CPU
		{ECE8228C-A924-4A14-A1B7-AF5804C85691}.Debug|Any CPU.Build.0 = Debug|Any CPU
		{ECE8228C-A924-4A14-A1B7-AF5804C85691}.Debug|x64.ActiveCfg = Debug|Any CPU
		{ECE8228C-A924-4A14-A1B7-AF5804C85691}.Debug|x64.Build.0 = Debug|Any CPU
		{ECE8228C-A924-4A14-A1B7-AF5804C85691}.Debug|x86.ActiveCfg = Debug|Any CPU
		{ECE8228C-A924-4A14-A1B7-AF5804C85691}.Debug|x86.Build.0 = Debug|Any CPU
		{ECE8228C-A924-4A14-A1B7-AF5804C85691}.Release|Any CPU.ActiveCfg = Release|Any CPU
		{ECE8228C-A924-4A14-A1B7-AF5804C85691}.Release|Any CPU.Build.0 = Release|Any CPU
		{ECE8228C-A924-4A14-A1B7-AF5804C85691}.Release|x64.ActiveCfg = Release|Any CPU
		{ECE8228C-A924-4A14-A1B7-AF5804C85691}.Release|x64.Build.0 = Release|Any CPU
		{ECE8228C-A924-4A14-A1B7-AF5804C85691}.Release|x86.ActiveCfg = Release|Any CPU
		{ECE8228C-A924-4A14-A1B7-AF5804C85691}.Release|x86.Build.0 = Release|Any CPU
		{405EBBD7-D73E-44F4-8ADA-D5448098C7AC}.Debug|Any CPU.ActiveCfg = Debug|Any CPU
		{405EBBD7-D73E-44F4-8ADA-D5448098C7AC}.Debug|Any CPU.Build.0 = Debug|Any CPU
		{405EBBD7-D73E-44F4-8ADA-D5448098C7AC}.Debug|x64.ActiveCfg = Debug|Any CPU
		{405EBBD7-D73E-44F4-8ADA-D5448098C7AC}.Debug|x64.Build.0 = Debug|Any CPU
		{405EBBD7-D73E-44F4-8ADA-D5448098C7AC}.Debug|x86.ActiveCfg = Debug|Any CPU
		{405EBBD7-D73E-44F4-8ADA-D5448098C7AC}.Debug|x86.Build.0 = Debug|Any CPU
		{405EBBD7-D73E-44F4-8ADA-D5448098C7AC}.Release|Any CPU.ActiveCfg = Release|Any CPU
		{405EBBD7-D73E-44F4-8ADA-D5448098C7AC}.Release|Any CPU.Build.0 = Release|Any CPU
		{405EBBD7-D73E-44F4-8ADA-D5448098C7AC}.Release|x64.ActiveCfg = Release|Any CPU
		{405EBBD7-D73E-44F4-8ADA-D5448098C7AC}.Release|x64.Build.0 = Release|Any CPU
		{405EBBD7-D73E-44F4-8ADA-D5448098C7AC}.Release|x86.ActiveCfg = Release|Any CPU
		{405EBBD7-D73E-44F4-8ADA-D5448098C7AC}.Release|x86.Build.0 = Release|Any CPU
		{9C85E9B1-C326-4110-8E00-634A999A81CF}.Debug|Any CPU.ActiveCfg = Debug|Any CPU
		{9C85E9B1-C326-4110-8E00-634A999A81CF}.Debug|Any CPU.Build.0 = Debug|Any CPU
		{9C85E9B1-C326-4110-8E00-634A999A81CF}.Debug|x64.ActiveCfg = Debug|Any CPU
		{9C85E9B1-C326-4110-8E00-634A999A81CF}.Debug|x64.Build.0 = Debug|Any CPU
		{9C85E9B1-C326-4110-8E00-634A999A81CF}.Debug|x86.ActiveCfg = Debug|Any CPU
		{9C85E9B1-C326-4110-8E00-634A999A81CF}.Debug|x86.Build.0 = Debug|Any CPU
		{9C85E9B1-C326-4110-8E00-634A999A81CF}.Release|Any CPU.ActiveCfg = Release|Any CPU
		{9C85E9B1-C326-4110-8E00-634A999A81CF}.Release|Any CPU.Build.0 = Release|Any CPU
		{9C85E9B1-C326-4110-8E00-634A999A81CF}.Release|x64.ActiveCfg = Release|Any CPU
		{9C85E9B1-C326-4110-8E00-634A999A81CF}.Release|x64.Build.0 = Release|Any CPU
		{9C85E9B1-C326-4110-8E00-634A999A81CF}.Release|x86.ActiveCfg = Release|Any CPU
		{9C85E9B1-C326-4110-8E00-634A999A81CF}.Release|x86.Build.0 = Release|Any CPU
		{1A396D95-7597-4FDD-B853-1C441792E7D4}.Debug|Any CPU.ActiveCfg = Debug|Any CPU
		{1A396D95-7597-4FDD-B853-1C441792E7D4}.Debug|Any CPU.Build.0 = Debug|Any CPU
		{1A396D95-7597-4FDD-B853-1C441792E7D4}.Debug|x64.ActiveCfg = Debug|Any CPU
		{1A396D95-7597-4FDD-B853-1C441792E7D4}.Debug|x64.Build.0 = Debug|Any CPU
		{1A396D95-7597-4FDD-B853-1C441792E7D4}.Debug|x86.ActiveCfg = Debug|Any CPU
		{1A396D95-7597-4FDD-B853-1C441792E7D4}.Debug|x86.Build.0 = Debug|Any CPU
		{1A396D95-7597-4FDD-B853-1C441792E7D4}.Release|Any CPU.ActiveCfg = Release|Any CPU
		{1A396D95-7597-4FDD-B853-1C441792E7D4}.Release|Any CPU.Build.0 = Release|Any CPU
		{1A396D95-7597-4FDD-B853-1C441792E7D4}.Release|x64.ActiveCfg = Release|Any CPU
		{1A396D95-7597-4FDD-B853-1C441792E7D4}.Release|x64.Build.0 = Release|Any CPU
		{1A396D95-7597-4FDD-B853-1C441792E7D4}.Release|x86.ActiveCfg = Release|Any CPU
		{1A396D95-7597-4FDD-B853-1C441792E7D4}.Release|x86.Build.0 = Release|Any CPU
		{AEAE2C97-D56F-459D-8D51-B79E0071FA66}.Debug|Any CPU.ActiveCfg = Debug|Any CPU
		{AEAE2C97-D56F-459D-8D51-B79E0071FA66}.Debug|Any CPU.Build.0 = Debug|Any CPU
		{AEAE2C97-D56F-459D-8D51-B79E0071FA66}.Debug|x64.ActiveCfg = Debug|Any CPU
		{AEAE2C97-D56F-459D-8D51-B79E0071FA66}.Debug|x64.Build.0 = Debug|Any CPU
		{AEAE2C97-D56F-459D-8D51-B79E0071FA66}.Debug|x86.ActiveCfg = Debug|Any CPU
		{AEAE2C97-D56F-459D-8D51-B79E0071FA66}.Debug|x86.Build.0 = Debug|Any CPU
		{AEAE2C97-D56F-459D-8D51-B79E0071FA66}.Release|Any CPU.ActiveCfg = Release|Any CPU
		{AEAE2C97-D56F-459D-8D51-B79E0071FA66}.Release|Any CPU.Build.0 = Release|Any CPU
		{AEAE2C97-D56F-459D-8D51-B79E0071FA66}.Release|x64.ActiveCfg = Release|Any CPU
		{AEAE2C97-D56F-459D-8D51-B79E0071FA66}.Release|x64.Build.0 = Release|Any CPU
		{AEAE2C97-D56F-459D-8D51-B79E0071FA66}.Release|x86.ActiveCfg = Release|Any CPU
		{AEAE2C97-D56F-459D-8D51-B79E0071FA66}.Release|x86.Build.0 = Release|Any CPU
		{4F2EA786-F708-4FEB-8DFA-6679A09A8FB7}.Debug|Any CPU.ActiveCfg = Debug|Any CPU
		{4F2EA786-F708-4FEB-8DFA-6679A09A8FB7}.Debug|Any CPU.Build.0 = Debug|Any CPU
		{4F2EA786-F708-4FEB-8DFA-6679A09A8FB7}.Debug|x64.ActiveCfg = Debug|Any CPU
		{4F2EA786-F708-4FEB-8DFA-6679A09A8FB7}.Debug|x64.Build.0 = Debug|Any CPU
		{4F2EA786-F708-4FEB-8DFA-6679A09A8FB7}.Debug|x86.ActiveCfg = Debug|Any CPU
		{4F2EA786-F708-4FEB-8DFA-6679A09A8FB7}.Debug|x86.Build.0 = Debug|Any CPU
		{4F2EA786-F708-4FEB-8DFA-6679A09A8FB7}.Release|Any CPU.ActiveCfg = Release|Any CPU
		{4F2EA786-F708-4FEB-8DFA-6679A09A8FB7}.Release|Any CPU.Build.0 = Release|Any CPU
		{4F2EA786-F708-4FEB-8DFA-6679A09A8FB7}.Release|x64.ActiveCfg = Release|Any CPU
		{4F2EA786-F708-4FEB-8DFA-6679A09A8FB7}.Release|x64.Build.0 = Release|Any CPU
		{4F2EA786-F708-4FEB-8DFA-6679A09A8FB7}.Release|x86.ActiveCfg = Release|Any CPU
		{4F2EA786-F708-4FEB-8DFA-6679A09A8FB7}.Release|x86.Build.0 = Release|Any CPU
	EndGlobalSection
	GlobalSection(SolutionProperties) = preSolution
		HideSolutionNode = FALSE
	EndGlobalSection
	GlobalSection(ExtensibilityGlobals) = postSolution
		SolutionGuid = {CF1A18F3-4486-4673-9F92-04B18D195C47}
	EndGlobalSection
EndGlobal
