
Microsoft Visual Studio Solution File, Format Version 12.00
# Visual Studio Version 16
VisualStudioVersion = 16.0.31205.134
MinimumVisualStudioVersion = 10.0.40219.1
Project("{FAE04EC0-301F-11D3-BF4B-00C04F79EFBC}") = "SocketProgrammingA", "SocketProgrammingA\SocketProgrammingA.csproj", "{3B360255-7652-40E1-A7F2-164E674C2DFE}"
EndProject
Global
	GlobalSection(SolutionConfigurationPlatforms) = preSolution
		Debug|Any CPU = Debug|Any CPU
		Release|Any CPU = Release|Any CPU
	EndGlobalSection
	GlobalSection(ProjectConfigurationPlatforms) = postSolution
		{3B360255-7652-40E1-A7F2-164E674C2DFE}.Debug|Any CPU.ActiveCfg = Debug|Any CPU
		{3B360255-7652-40E1-A7F2-164E674C2DFE}.Debug|Any CPU.Build.0 = Debug|Any CPU
		{3B360255-7652-40E1-A7F2-164E674C2DFE}.Release|Any CPU.ActiveCfg = Release|Any CPU
		{3B360255-7652-40E1-A7F2-164E674C2DFE}.Release|Any CPU.Build.0 = Release|Any CPU
	EndGlobalSection
	GlobalSection(SolutionProperties) = preSolution
		HideSolutionNode = FALSE
	EndGlobalSection
	GlobalSection(ExtensibilityGlobals) = postSolution
		SolutionGuid = {3F57DE12-A48A-4F75-882C-5B2BCA986C10}
	EndGlobalSection
EndGlobal
