
Microsoft Visual Studio Solution File, Format Version 12.00
# Visual Studio Version 16
VisualStudioVersion = 16.0.31205.134
MinimumVisualStudioVersion = 10.0.40219.1
Project("{FAE04EC0-301F-11D3-BF4B-00C04F79EFBC}") = "keyPressedEvent", "keyPressedEvent\keyPressedEvent.csproj", "{C5F03C15-FDA9-4ACF-B200-3900647BFDDB}"
EndProject
Global
	GlobalSection(SolutionConfigurationPlatforms) = preSolution
		Debug|Any CPU = Debug|Any CPU
		Release|Any CPU = Release|Any CPU
	EndGlobalSection
	GlobalSection(ProjectConfigurationPlatforms) = postSolution
		{C5F03C15-FDA9-4ACF-B200-3900647BFDDB}.Debug|Any CPU.ActiveCfg = Debug|Any CPU
		{C5F03C15-FDA9-4ACF-B200-3900647BFDDB}.Debug|Any CPU.Build.0 = Debug|Any CPU
		{C5F03C15-FDA9-4ACF-B200-3900647BFDDB}.Release|Any CPU.ActiveCfg = Release|Any CPU
		{C5F03C15-FDA9-4ACF-B200-3900647BFDDB}.Release|Any CPU.Build.0 = Release|Any CPU
	EndGlobalSection
	GlobalSection(SolutionProperties) = preSolution
		HideSolutionNode = FALSE
	EndGlobalSection
	GlobalSection(ExtensibilityGlobals) = postSolution
		SolutionGuid = {70975692-0A79-435E-888A-6734FEAC340B}
	EndGlobalSection
EndGlobal
